
Microsoft Visual Studio Solution File, Format Version 12.00
# Visual Studio Version 17
VisualStudioVersion = 17.6.33829.357
MinimumVisualStudioVersion = 10.0.40219.1
Project("{FAE04EC0-301F-11D3-BF4B-00C04F79EFBC}") = "Poznamky2ITB", "Poznamky2ITB\Poznamky2ITB.csproj", "{FD87EF25-2245-448D-B301-36E70DBA01F6}"
EndProject
Global
	GlobalSection(SolutionConfigurationPlatforms) = preSolution
		Debug|Any CPU = Debug|Any CPU
		Release|Any CPU = Release|Any CPU
	EndGlobalSection
	GlobalSection(ProjectConfigurationPlatforms) = postSolution
		{FD87EF25-2245-448D-B301-36E70DBA01F6}.Debug|Any CPU.ActiveCfg = Debug|Any CPU
		{FD87EF25-2245-448D-B301-36E70DBA01F6}.Debug|Any CPU.Build.0 = Debug|Any CPU
		{FD87EF25-2245-448D-B301-36E70DBA01F6}.Release|Any CPU.ActiveCfg = Release|Any CPU
		{FD87EF25-2245-448D-B301-36E70DBA01F6}.Release|Any CPU.Build.0 = Release|Any CPU
	EndGlobalSection
	GlobalSection(SolutionProperties) = preSolution
		HideSolutionNode = FALSE
	EndGlobalSection
	GlobalSection(ExtensibilityGlobals) = postSolution
		SolutionGuid = {136B641F-95FB-4A17-AAD1-8C840DB930E9}
	EndGlobalSection
EndGlobal
